
Microsoft Visual Studio Solution File, Format Version 12.00
# Visual Studio Version 17
VisualStudioVersion = 17.5.002.0
MinimumVisualStudioVersion = 10.0.40219.1
Project("{2150E333-8FDC-42A3-9474-1A3956D46DE8}") = "src", "src", "{E3130295-C88B-4BC1-9812-FE6E4E7C8771}"
EndProject
Project("{2150E333-8FDC-42A3-9474-1A3956D46DE8}") = "access-layer", "access-layer", "{598DA504-3F7D-4ED7-9944-B78C3FB6E127}"
EndProject
Project("{9A19103F-16F7-4668-BE54-9A1E7A4F7556}") = "data-access", "src\access-layer\data-access\data-access.csproj", "{C0CEF398-266C-44F4-A6B9-09B9F029789E}"
EndProject
Project("{2150E333-8FDC-42A3-9474-1A3956D46DE8}") = "organisation-service", "organisation-service", "{ED3B8215-8F5C-4434-8AAE-9A13A331172E}"
EndProject
Project("{9A19103F-16F7-4668-BE54-9A1E7A4F7556}") = "org-service", "src\organisation-service\org-service\org-service.csproj", "{0DB90D1F-03BA-401D-8813-0A3ADF88183A}"
EndProject
Project("{9A19103F-16F7-4668-BE54-9A1E7A4F7556}") = "org-api", "src\organisation-service\org-api\org-api.csproj", "{279D533E-DEBA-4B68-A9BB-4B469A6E5395}"
EndProject
Project("{9A19103F-16F7-4668-BE54-9A1E7A4F7556}") = "models", "src\models\models.csproj", "{179A7E2C-3E39-4109-8190-E84CACA60EEB}"
EndProject
Project("{2150E333-8FDC-42A3-9474-1A3956D46DE8}") = "faker", "faker", "{D21A3BE6-FC8C-4F96-AE90-DE93AE4F505D}"
EndProject
Project("{9A19103F-16F7-4668-BE54-9A1E7A4F7556}") = "FakeGenerator", "src\faker\FakeGenerator\FakeGenerator.csproj", "{EC02C8BF-D539-433E-BF8A-B1D7AB95DC8A}"
EndProject
Project("{2150E333-8FDC-42A3-9474-1A3956D46DE8}") = "utilities", "utilities", "{916CE612-038B-4057-8AEC-97F58758B99F}"
EndProject
Project("{9A19103F-16F7-4668-BE54-9A1E7A4F7556}") = "utilities", "src\utilities\utilities\utilities.csproj", "{973B001E-6297-436E-B42B-1B1D721631EE}"
EndProject
Global
	GlobalSection(SolutionConfigurationPlatforms) = preSolution
		Debug|Any CPU = Debug|Any CPU
		Release|Any CPU = Release|Any CPU
	EndGlobalSection
	GlobalSection(ProjectConfigurationPlatforms) = postSolution
		{C0CEF398-266C-44F4-A6B9-09B9F029789E}.Debug|Any CPU.ActiveCfg = Debug|Any CPU
		{C0CEF398-266C-44F4-A6B9-09B9F029789E}.Debug|Any CPU.Build.0 = Debug|Any CPU
		{C0CEF398-266C-44F4-A6B9-09B9F029789E}.Release|Any CPU.ActiveCfg = Release|Any CPU
		{C0CEF398-266C-44F4-A6B9-09B9F029789E}.Release|Any CPU.Build.0 = Release|Any CPU
		{0DB90D1F-03BA-401D-8813-0A3ADF88183A}.Debug|Any CPU.ActiveCfg = Debug|Any CPU
		{0DB90D1F-03BA-401D-8813-0A3ADF88183A}.Debug|Any CPU.Build.0 = Debug|Any CPU
		{0DB90D1F-03BA-401D-8813-0A3ADF88183A}.Release|Any CPU.ActiveCfg = Release|Any CPU
		{0DB90D1F-03BA-401D-8813-0A3ADF88183A}.Release|Any CPU.Build.0 = Release|Any CPU
		{279D533E-DEBA-4B68-A9BB-4B469A6E5395}.Debug|Any CPU.ActiveCfg = Debug|Any CPU
		{279D533E-DEBA-4B68-A9BB-4B469A6E5395}.Debug|Any CPU.Build.0 = Debug|Any CPU
		{279D533E-DEBA-4B68-A9BB-4B469A6E5395}.Release|Any CPU.ActiveCfg = Release|Any CPU
		{279D533E-DEBA-4B68-A9BB-4B469A6E5395}.Release|Any CPU.Build.0 = Release|Any CPU
		{179A7E2C-3E39-4109-8190-E84CACA60EEB}.Debug|Any CPU.ActiveCfg = Debug|Any CPU
		{179A7E2C-3E39-4109-8190-E84CACA60EEB}.Debug|Any CPU.Build.0 = Debug|Any CPU
		{179A7E2C-3E39-4109-8190-E84CACA60EEB}.Release|Any CPU.ActiveCfg = Release|Any CPU
		{179A7E2C-3E39-4109-8190-E84CACA60EEB}.Release|Any CPU.Build.0 = Release|Any CPU
		{EC02C8BF-D539-433E-BF8A-B1D7AB95DC8A}.Debug|Any CPU.ActiveCfg = Debug|Any CPU
		{EC02C8BF-D539-433E-BF8A-B1D7AB95DC8A}.Debug|Any CPU.Build.0 = Debug|Any CPU
		{EC02C8BF-D539-433E-BF8A-B1D7AB95DC8A}.Release|Any CPU.ActiveCfg = Release|Any CPU
		{EC02C8BF-D539-433E-BF8A-B1D7AB95DC8A}.Release|Any CPU.Build.0 = Release|Any CPU
		{973B001E-6297-436E-B42B-1B1D721631EE}.Debug|Any CPU.ActiveCfg = Debug|Any CPU
		{973B001E-6297-436E-B42B-1B1D721631EE}.Debug|Any CPU.Build.0 = Debug|Any CPU
		{973B001E-6297-436E-B42B-1B1D721631EE}.Release|Any CPU.ActiveCfg = Release|Any CPU
		{973B001E-6297-436E-B42B-1B1D721631EE}.Release|Any CPU.Build.0 = Release|Any CPU
	EndGlobalSection
	GlobalSection(SolutionProperties) = preSolution
		HideSolutionNode = FALSE
	EndGlobalSection
	GlobalSection(NestedProjects) = preSolution
		{598DA504-3F7D-4ED7-9944-B78C3FB6E127} = {E3130295-C88B-4BC1-9812-FE6E4E7C8771}
		{C0CEF398-266C-44F4-A6B9-09B9F029789E} = {598DA504-3F7D-4ED7-9944-B78C3FB6E127}
		{ED3B8215-8F5C-4434-8AAE-9A13A331172E} = {E3130295-C88B-4BC1-9812-FE6E4E7C8771}
		{0DB90D1F-03BA-401D-8813-0A3ADF88183A} = {ED3B8215-8F5C-4434-8AAE-9A13A331172E}
		{279D533E-DEBA-4B68-A9BB-4B469A6E5395} = {ED3B8215-8F5C-4434-8AAE-9A13A331172E}
		{179A7E2C-3E39-4109-8190-E84CACA60EEB} = {598DA504-3F7D-4ED7-9944-B78C3FB6E127}
		{D21A3BE6-FC8C-4F96-AE90-DE93AE4F505D} = {E3130295-C88B-4BC1-9812-FE6E4E7C8771}
		{EC02C8BF-D539-433E-BF8A-B1D7AB95DC8A} = {D21A3BE6-FC8C-4F96-AE90-DE93AE4F505D}
		{916CE612-038B-4057-8AEC-97F58758B99F} = {E3130295-C88B-4BC1-9812-FE6E4E7C8771}
		{973B001E-6297-436E-B42B-1B1D721631EE} = {916CE612-038B-4057-8AEC-97F58758B99F}
	EndGlobalSection
	GlobalSection(ExtensibilityGlobals) = postSolution
		SolutionGuid = {3701A7B2-418D-4292-9806-D12F942E8669}
	EndGlobalSection
EndGlobal
