
Microsoft Visual Studio Solution File, Format Version 12.00
# Visual Studio Version 17
VisualStudioVersion = 17.10.35013.160
MinimumVisualStudioVersion = 10.0.40219.1
Project("{9A19103F-16F7-4668-BE54-9A1E7A4F7556}") = "data-access", "src\access-layer\data-access\data-access.csproj", "{3A8AAAA8-497A-461E-8F4F-78D5F1883418}"
EndProject
Project("{9A19103F-16F7-4668-BE54-9A1E7A4F7556}") = "user-api", "src\user-service\user-api\user-api.csproj", "{98A2CCAE-9C46-490C-A560-A977E36D2571}"
EndProject
Project("{9A19103F-16F7-4668-BE54-9A1E7A4F7556}") = "user-service", "src\user-service\user-service\user-service.csproj", "{45CA7841-68BD-457E-9496-5E14BAC1014F}"
EndProject
Global
	GlobalSection(SolutionConfigurationPlatforms) = preSolution
		Debug|Any CPU = Debug|Any CPU
		Release|Any CPU = Release|Any CPU
	EndGlobalSection
	GlobalSection(ProjectConfigurationPlatforms) = postSolution
		{3A8AAAA8-497A-461E-8F4F-78D5F1883418}.Debug|Any CPU.ActiveCfg = Debug|Any CPU
		{3A8AAAA8-497A-461E-8F4F-78D5F1883418}.Debug|Any CPU.Build.0 = Debug|Any CPU
		{3A8AAAA8-497A-461E-8F4F-78D5F1883418}.Release|Any CPU.ActiveCfg = Release|Any CPU
		{3A8AAAA8-497A-461E-8F4F-78D5F1883418}.Release|Any CPU.Build.0 = Release|Any CPU
		{98A2CCAE-9C46-490C-A560-A977E36D2571}.Debug|Any CPU.ActiveCfg = Debug|Any CPU
		{98A2CCAE-9C46-490C-A560-A977E36D2571}.Debug|Any CPU.Build.0 = Debug|Any CPU
		{98A2CCAE-9C46-490C-A560-A977E36D2571}.Release|Any CPU.ActiveCfg = Release|Any CPU
		{98A2CCAE-9C46-490C-A560-A977E36D2571}.Release|Any CPU.Build.0 = Release|Any CPU
		{45CA7841-68BD-457E-9496-5E14BAC1014F}.Debug|Any CPU.ActiveCfg = Debug|Any CPU
		{45CA7841-68BD-457E-9496-5E14BAC1014F}.Debug|Any CPU.Build.0 = Debug|Any CPU
		{45CA7841-68BD-457E-9496-5E14BAC1014F}.Release|Any CPU.ActiveCfg = Release|Any CPU
		{45CA7841-68BD-457E-9496-5E14BAC1014F}.Release|Any CPU.Build.0 = Release|Any CPU
	EndGlobalSection
	GlobalSection(SolutionProperties) = preSolution
		HideSolutionNode = FALSE
	EndGlobalSection
	GlobalSection(ExtensibilityGlobals) = postSolution
		SolutionGuid = {4D14DCE4-3AE5-46C6-936A-DF1AF5E459FA}
	EndGlobalSection
EndGlobal
